Microsoft Visual Studio Solution File, Format Version 12.00
# Visual Studio 2012
Project("{FAE04EC0-301F-11D3-BF4B-00C04F79EFBC}") = "GGJ19", "GGJ19.csproj", "{B831562E-CCD7-4EE3-B738-581E08BFA1E9}"
EndProject
Global
	GlobalSection(SolutionConfigurationPlatforms) = preSolution
	Debug|Any CPU = Debug|Any CPU
	Release|Any CPU = Release|Any CPU
	Tools|Any CPU = Tools|Any CPU
	EndGlobalSection
	GlobalSection(ProjectConfigurationPlatforms) = postSolution
		{B831562E-CCD7-4EE3-B738-581E08BFA1E9}.Debug|Any CPU.ActiveCfg = Debug|Any CPU
		{B831562E-CCD7-4EE3-B738-581E08BFA1E9}.Debug|Any CPU.Build.0 = Debug|Any CPU
		{B831562E-CCD7-4EE3-B738-581E08BFA1E9}.Release|Any CPU.ActiveCfg = Release|Any CPU
		{B831562E-CCD7-4EE3-B738-581E08BFA1E9}.Release|Any CPU.Build.0 = Release|Any CPU
		{B831562E-CCD7-4EE3-B738-581E08BFA1E9}.Tools|Any CPU.ActiveCfg = Tools|Any CPU
		{B831562E-CCD7-4EE3-B738-581E08BFA1E9}.Tools|Any CPU.Build.0 = Tools|Any CPU
	EndGlobalSection
EndGlobal
